
Microsoft Visual Studio Solution File, Format Version 12.00
# Visual Studio 14
VisualStudioVersion = 14.0.25123.0
MinimumVisualStudioVersion = 10.0.40219.1
Project("{0F786162-ED4F-4F28-A208-EBF3B85086A0}") = "Sitecore.Support.203218", "Sitecore.Support.203218\Sitecore.Support.203218.csproj", "{579679D5-C3F0-4424-9F50-5F35F2F314A3}"
EndProject
Global
	GlobalSection(SolutionConfigurationPlatforms) = preSolution
		Debug|Any CPU = Debug|Any CPU
		Release|Any CPU = Release|Any CPU
	EndGlobalSection
	GlobalSection(ProjectConfigurationPlatforms) = postSolution
		{579679D5-C3F0-4424-9F50-5F35F2F314A3}.Debug|Any CPU.ActiveCfg = Debug|Any CPU
		{579679D5-C3F0-4424-9F50-5F35F2F314A3}.Debug|Any CPU.Build.0 = Debug|Any CPU
		{579679D5-C3F0-4424-9F50-5F35F2F314A3}.Release|Any CPU.ActiveCfg = Release|Any CPU
		{579679D5-C3F0-4424-9F50-5F35F2F314A3}.Release|Any CPU.Build.0 = Release|Any CPU
	EndGlobalSection
	GlobalSection(SolutionProperties) = preSolution
		HideSolutionNode = FALSE
	EndGlobalSection
EndGlobal
